{
  "name": "postdiy",
  "version": "1.0.0",
  "lockfileVersion": 3,
  "requires": true,
  "packages": {
    "": {
      "name": "postdiy",
      "version": "1.0.0",
      "license": "ISC",
      "dependencies": {
        "@cloudbase/cloudbase-mcp": "^2.11.1"
      }
    },
    "node_modules/@cloudbase/cloudbase-mcp": {
      "version": "2.11.1",
      "resolved": "https://registry.npmjs.org/@cloudbase/cloudbase-mcp/-/cloudbase-mcp-2.11.1.tgz",
      "integrity": "sha512-UUUawTfZRGZtBs5FanR4xgSAn+/zxtlGg7vDTO03zDEzK6zbErOJIISAPiBVf8rMOWsUmtYuGDJeaDZVMmCcEg==",
      "license": "MIT",
      "bin": {
        "cloudbase-mcp": "dist/cli.cjs"
      }
    }
  }
}
